
Microsoft Visual Studio Solution File, Format Version 12.00
# Visual Studio Version 16
VisualStudioVersion = 16.0.32126.315
MinimumVisualStudioVersion = 10.0.40219.1
Project("{FAE04EC0-301F-11D3-BF4B-00C04F79EFBC}") = "Builder", "Builder\Builder.csproj", "{068FE6B6-0B87-4D05-9C01-7039B8484245}"
EndProject
Project("{FAE04EC0-301F-11D3-BF4B-00C04F79EFBC}") = "BuilderTest", "BuilderTest\BuilderTest.csproj", "{0372B799-C859-40D1-8E1D-F60DCE66624B}"
EndProject
Global
	GlobalSection(SolutionConfigurationPlatforms) = preSolution
		Debug|Any CPU = Debug|Any CPU
		Release|Any CPU = Release|Any CPU
	EndGlobalSection
	GlobalSection(ProjectConfigurationPlatforms) = postSolution
		{068FE6B6-0B87-4D05-9C01-7039B8484245}.Debug|Any CPU.ActiveCfg = Debug|Any CPU
		{068FE6B6-0B87-4D05-9C01-7039B8484245}.Debug|Any CPU.Build.0 = Debug|Any CPU
		{068FE6B6-0B87-4D05-9C01-7039B8484245}.Release|Any CPU.ActiveCfg = Release|Any CPU
		{068FE6B6-0B87-4D05-9C01-7039B8484245}.Release|Any CPU.Build.0 = Release|Any CPU
		{0372B799-C859-40D1-8E1D-F60DCE66624B}.Debug|Any CPU.ActiveCfg = Debug|Any CPU
		{0372B799-C859-40D1-8E1D-F60DCE66624B}.Debug|Any CPU.Build.0 = Debug|Any CPU
		{0372B799-C859-40D1-8E1D-F60DCE66624B}.Release|Any CPU.ActiveCfg = Release|Any CPU
		{0372B799-C859-40D1-8E1D-F60DCE66624B}.Release|Any CPU.Build.0 = Release|Any CPU
	EndGlobalSection
	GlobalSection(SolutionProperties) = preSolution
		HideSolutionNode = FALSE
	EndGlobalSection
	GlobalSection(ExtensibilityGlobals) = postSolution
		SolutionGuid = {DA4BA99E-F99F-46E1-A199-EF46DBF8A78B}
	EndGlobalSection
EndGlobal
